# Exact dependency snapshot used by the verified P0 environment.
# Install this file first, then install the local project with --no-deps.
annotated-types==0.8.0
anyio==4.14.2
attrs==26.1.0
certifi==2026.7.22
cffi==2.1.1
click==8.4.2
cryptography==50.0.1
cssselect==1.5.0
curl_cffi==0.16.1
greenlet==3.5.5
h11==0.16.0
httpcore==1.0.9
httpcore2==2.12.0
httpx==0.28.1
httpx2==2.12.0
idna==3.19
jmespath==1.1.0
jsonschema==4.26.0
jsonschema-specifications==2025.9.1
lxml==6.1.2
mcp==2.1.1
mcp-types==2.1.1
opentelemetry-api==1.44.0
packaging==26.3
parsel==1.11.0
psutil==7.2.2
pycparser==3.0
pydantic==2.13.4
pydantic_core==2.46.4
PyJWT==2.13.0
PyMySQL==1.2.0
python-dateutil==2.9.0.post0
python-multipart==0.0.32
redis==6.4.0
referencing==0.37.0
rpds-py==2026.6.3
six==1.17.0
SQLAlchemy==2.0.52
sse-starlette==3.4.8
starlette==0.52.1
truststore==0.10.4
typing-inspection==0.4.4
typing_extensions==4.16.0
uvicorn==0.52.4
w3lib==2.4.1
